// !$*UTF8*$!
{
	archiveVersion = 1;
	classes = {
	};
	objectVersion = 50;
	objects = {

/* Begin PBXBuildFile section */
		C7EE434A267C4DC3000B44DE /* EmojiArtApp.swift in Sources */ = {isa = PBXBuildFile; fileRef = C7EE4349267C4DC3000B44DE /* EmojiArtApp.swift */; };
		C7EE434C267C4DC3000B44DE /* EmojiArtDocumentView.swift in Sources */ = {isa = PBXBuildFile; fileRef = C7EE434B267C4DC3000B44DE /* EmojiArtDocumentView.swift */; };
		C7EE434E267C4DC5000B44DE /* Assets.xcassets in Resources */ = {isa = PBXBuildFile; fileRef = C7EE434D267C4DC5000B44DE /* Assets.xcassets */; };
		C7EE4351267C4DC5000B44DE /* Preview Assets.xcassets in Resources */ = {isa = PBXBuildFile; fileRef = C7EE4350267C4DC5000B44DE /* Preview Assets.xcassets */; };
		C7EE435A267C4E10000B44DE /* EmojiArtModel.swift in Sources */ = {isa = PBXBuildFile; fileRef = C7EE4359267C4E10000B44DE /* EmojiArtModel.swift */; };
		C7EE435C267C4EBE000B44DE /* Point.swift in Sources */ = {isa = PBXBuildFile; fileRef = C7EE435B267C4EBE000B44DE /* Point.swift */; };
		C7EE435E267C52B3000B44DE /* EmojiArtModel.Background.swift in Sources */ = {isa = PBXBuildFile; fileRef = C7EE435D267C52B3000B44DE /* EmojiArtModel.Background.swift */; };
		C7EE4361267C5526000B44DE /* EmojiArtDocument.swift in Sources */ = {isa = PBXBuildFile; fileRef = C7EE4360267C5526000B44DE /* EmojiArtDocument.swift */; };
		C7EE4364267C57C9000B44DE /* UtilityExtensions.swift in Sources */ = {isa = PBXBuildFile; fileRef = C7EE4363267C57C9000B44DE /* UtilityExtensions.swift */; };
		C7EE4367267C5CF0000B44DE /* ScrollingEmojisView.swift in Sources */ = {isa = PBXBuildFile; fileRef = C7EE4366267C5CF0000B44DE /* ScrollingEmojisView.swift */; };
		C7EE4369267C5EDC000B44DE /* DocumentBody.swift in Sources */ = {isa = PBXBuildFile; fileRef = C7EE4368267C5EDC000B44DE /* DocumentBody.swift */; };
		C7EE436B267C66F0000B44DE /* PointExtensions.swift in Sources */ = {isa = PBXBuildFile; fileRef = C7EE436A267C66F0000B44DE /* PointExtensions.swift */; };
		C7EE436D267D8EDF000B44DE /* NSItemProviderExtensions.swift in Sources */ = {isa = PBXBuildFile; fileRef = C7EE436C267D8EDF000B44DE /* NSItemProviderExtensions.swift */; };
		C7EE436F267EBA81000B44DE /* OptionalImage.swift in Sources */ = {isa = PBXBuildFile; fileRef = C7EE436E267EBA81000B44DE /* OptionalImage.swift */; };
		C7EE4371267EC3BF000B44DE /* EmojiArtDocument.BackgroundStatus.swift in Sources */ = {isa = PBXBuildFile; fileRef = C7EE4370267EC3BF000B44DE /* EmojiArtDocument.BackgroundStatus.swift */; };
		C7EE4373267EF079000B44DE /* DocumentEmojiView.swift in Sources */ = {isa = PBXBuildFile; fileRef = C7EE4372267EF079000B44DE /* DocumentEmojiView.swift */; };
		C7EE4375268189B0000B44DE /* PalletStore.swift in Sources */ = {isa = PBXBuildFile; fileRef = C7EE4374268189B0000B44DE /* PalletStore.swift */; };
		C7EE437726818ABC000B44DE /* Pallet.swift in Sources */ = {isa = PBXBuildFile; fileRef = C7EE437626818ABC000B44DE /* Pallet.swift */; };
		C7EE437A26818F4E000B44DE /* DefaultPallets.swift in Sources */ = {isa = PBXBuildFile; fileRef = C7EE437926818F4E000B44DE /* DefaultPallets.swift */; };
		C7EE437C2681A95D000B44DE /* PalletChooser.swift in Sources */ = {isa = PBXBuildFile; fileRef = C7EE437B2681A95D000B44DE /* PalletChooser.swift */; };
		C7EE437F2681B1E8000B44DE /* RollTransition.swift in Sources */ = {isa = PBXBuildFile; fileRef = C7EE437E2681B1E8000B44DE /* RollTransition.swift */; };
/* End PBXBuildFile section */

/* Begin PBXFileReference section */
		C7EE4346267C4DC3000B44DE /* EmojiArt.app */ = {isa = PBXFileReference; explicitFileType = wrapper.application; includeInIndex = 0; path = EmojiArt.app; sourceTree = BUILT_PRODUCTS_DIR; };
		C7EE4349267C4DC3000B44DE /* EmojiArtApp.swift */ = {isa = PBXFileReference; lastKnownFileType = sourcecode.swift; path = EmojiArtApp.swift; sourceTree = "<group>"; };
		C7EE434B267C4DC3000B44DE /* EmojiArtDocumentView.swift */ = {isa = PBXFileReference; lastKnownFileType = sourcecode.swift; path = EmojiArtDocumentView.swift; sourceTree = "<group>"; };
		C7EE434D267C4DC5000B44DE /* Assets.xcassets */ = {isa = PBXFileReference; lastKnownFileType = folder.assetcatalog; path = Assets.xcassets; sourceTree = "<group>"; };
		C7EE4350267C4DC5000B44DE /* Preview Assets.xcassets */ = {isa = PBXFileReference; lastKnownFileType = folder.assetcatalog; path = "Preview Assets.xcassets"; sourceTree = "<group>"; };
		C7EE4352267C4DC5000B44DE /* Info.plist */ = {isa = PBXFileReference; lastKnownFileType = text.plist.xml; path = Info.plist; sourceTree = "<group>"; };
		C7EE4359267C4E10000B44DE /* EmojiArtModel.swift */ = {isa = PBXFileReference; lastKnownFileType = sourcecode.swift; path = EmojiArtModel.swift; sourceTree = "<group>"; };
		C7EE435B267C4EBE000B44DE /* Point.swift */ = {isa = PBXFileReference; lastKnownFileType = sourcecode.swift; path = Point.swift; sourceTree = "<group>"; };
		C7EE435D267C52B3000B44DE /* EmojiArtModel.Background.swift */ = {isa = PBXFileReference; lastKnownFileType = sourcecode.swift; path = EmojiArtModel.Background.swift; sourceTree = "<group>"; };
		C7EE4360267C5526000B44DE /* EmojiArtDocument.swift */ = {isa = PBXFileReference; lastKnownFileType = sourcecode.swift; path = EmojiArtDocument.swift; sourceTree = "<group>"; };
		C7EE4363267C57C9000B44DE /* UtilityExtensions.swift */ = {isa = PBXFileReference; lastKnownFileType = sourcecode.swift; path = UtilityExtensions.swift; sourceTree = "<group>"; };
		C7EE4366267C5CF0000B44DE /* ScrollingEmojisView.swift */ = {isa = PBXFileReference; lastKnownFileType = sourcecode.swift; path = ScrollingEmojisView.swift; sourceTree = "<group>"; };
		C7EE4368267C5EDC000B44DE /* DocumentBody.swift */ = {isa = PBXFileReference; lastKnownFileType = sourcecode.swift; path = DocumentBody.swift; sourceTree = "<group>"; };
		C7EE436A267C66F0000B44DE /* PointExtensions.swift */ = {isa = PBXFileReference; lastKnownFileType = sourcecode.swift; path = PointExtensions.swift; sourceTree = "<group>"; };
		C7EE436C267D8EDF000B44DE /* NSItemProviderExtensions.swift */ = {isa = PBXFileReference; lastKnownFileType = sourcecode.swift; path = NSItemProviderExtensions.swift; sourceTree = "<group>"; };
		C7EE436E267EBA81000B44DE /* OptionalImage.swift */ = {isa = PBXFileReference; lastKnownFileType = sourcecode.swift; path = OptionalImage.swift; sourceTree = "<group>"; };
		C7EE4370267EC3BF000B44DE /* EmojiArtDocument.BackgroundStatus.swift */ = {isa = PBXFileReference; lastKnownFileType = sourcecode.swift; path = EmojiArtDocument.BackgroundStatus.swift; sourceTree = "<group>"; };
		C7EE4372267EF079000B44DE /* DocumentEmojiView.swift */ = {isa = PBXFileReference; lastKnownFileType = sourcecode.swift; path = DocumentEmojiView.swift; sourceTree = "<group>"; };
		C7EE4374268189B0000B44DE /* PalletStore.swift */ = {isa = PBXFileReference; lastKnownFileType = sourcecode.swift; path = PalletStore.swift; sourceTree = "<group>"; };
		C7EE437626818ABC000B44DE /* Pallet.swift */ = {isa = PBXFileReference; lastKnownFileType = sourcecode.swift; path = Pallet.swift; sourceTree = "<group>"; };
		C7EE437926818F4E000B44DE /* DefaultPallets.swift */ = {isa = PBXFileReference; lastKnownFileType = sourcecode.swift; path = DefaultPallets.swift; sourceTree = "<group>"; };
		C7EE437B2681A95D000B44DE /* PalletChooser.swift */ = {isa = PBXFileReference; lastKnownFileType = sourcecode.swift; path = PalletChooser.swift; sourceTree = "<group>"; };
		C7EE437E2681B1E8000B44DE /* RollTransition.swift */ = {isa = PBXFileReference; lastKnownFileType = sourcecode.swift; path = RollTransition.swift; sourceTree = "<group>"; };
/* End PBXFileReference section */

/* Begin PBXFrameworksBuildPhase section */
		C7EE4343267C4DC3000B44DE /* Frameworks */ = {
			isa = PBXFrameworksBuildPhase;
			buildActionMask = 2147483647;
			files = (
			);
			runOnlyForDeploymentPostprocessing = 0;
		};
/* End PBXFrameworksBuildPhase section */

/* Begin PBXGroup section */
		C7EE433D267C4DC3000B44DE = {
			isa = PBXGroup;
			children = (
				C7EE4348267C4DC3000B44DE /* EmojiArt */,
				C7EE4347267C4DC3000B44DE /* Products */,
			);
			sourceTree = "<group>";
		};
		C7EE4347267C4DC3000B44DE /* Products */ = {
			isa = PBXGroup;
			children = (
				C7EE4346267C4DC3000B44DE /* EmojiArt.app */,
			);
			name = Products;
			sourceTree = "<group>";
		};
		C7EE4348267C4DC3000B44DE /* EmojiArt */ = {
			isa = PBXGroup;
			children = (
				C7EE437D2681B1D4000B44DE /* Transitions */,
				C7EE437826818F30000B44DE /* DefaultData */,
				C7EE4365267C5CD7000B44DE /* Views */,
				C7EE4362267C579D000B44DE /* Utilities */,
				C7EE435F267C5514000B44DE /* ViewModels */,
				C7EE4358267C4DF1000B44DE /* Models */,
				C7EE4349267C4DC3000B44DE /* EmojiArtApp.swift */,
				C7EE434B267C4DC3000B44DE /* EmojiArtDocumentView.swift */,
				C7EE434D267C4DC5000B44DE /* Assets.xcassets */,
				C7EE4352267C4DC5000B44DE /* Info.plist */,
				C7EE434F267C4DC5000B44DE /* Preview Content */,
			);
			path = EmojiArt;
			sourceTree = "<group>";
		};
		C7EE434F267C4DC5000B44DE /* Preview Content */ = {
			isa = PBXGroup;
			children = (
				C7EE4350267C4DC5000B44DE /* Preview Assets.xcassets */,
			);
			path = "Preview Content";
			sourceTree = "<group>";
		};
		C7EE4358267C4DF1000B44DE /* Models */ = {
			isa = PBXGroup;
			children = (
				C7EE4359267C4E10000B44DE /* EmojiArtModel.swift */,
				C7EE435B267C4EBE000B44DE /* Point.swift */,
				C7EE435D267C52B3000B44DE /* EmojiArtModel.Background.swift */,
				C7EE437626818ABC000B44DE /* Pallet.swift */,
			);
			path = Models;
			sourceTree = "<group>";
		};
		C7EE435F267C5514000B44DE /* ViewModels */ = {
			isa = PBXGroup;
			children = (
				C7EE4360267C5526000B44DE /* EmojiArtDocument.swift */,
				C7EE4370267EC3BF000B44DE /* EmojiArtDocument.BackgroundStatus.swift */,
				C7EE4374268189B0000B44DE /* PalletStore.swift */,
			);
			path = ViewModels;
			sourceTree = "<group>";
		};
		C7EE4362267C579D000B44DE /* Utilities */ = {
			isa = PBXGroup;
			children = (
				C7EE4363267C57C9000B44DE /* UtilityExtensions.swift */,
				C7EE436A267C66F0000B44DE /* PointExtensions.swift */,
				C7EE436C267D8EDF000B44DE /* NSItemProviderExtensions.swift */,
			);
			path = Utilities;
			sourceTree = "<group>";
		};
		C7EE4365267C5CD7000B44DE /* Views */ = {
			isa = PBXGroup;
			children = (
				C7EE4366267C5CF0000B44DE /* ScrollingEmojisView.swift */,
				C7EE4368267C5EDC000B44DE /* DocumentBody.swift */,
				C7EE436E267EBA81000B44DE /* OptionalImage.swift */,
				C7EE4372267EF079000B44DE /* DocumentEmojiView.swift */,
				C7EE437B2681A95D000B44DE /* PalletChooser.swift */,
			);
			path = Views;
			sourceTree = "<group>";
		};
		C7EE437826818F30000B44DE /* DefaultData */ = {
			isa = PBXGroup;
			children = (
				C7EE437926818F4E000B44DE /* DefaultPallets.swift */,
			);
			path = DefaultData;
			sourceTree = "<group>";
		};
		C7EE437D2681B1D4000B44DE /* Transitions */ = {
			isa = PBXGroup;
			children = (
				C7EE437E2681B1E8000B44DE /* RollTransition.swift */,
			);
			path = Transitions;
			sourceTree = "<group>";
		};
/* End PBXGroup section */

/* Begin PBXNativeTarget section */
		C7EE4345267C4DC3000B44DE /* EmojiArt */ = {
			isa = PBXNativeTarget;
			buildConfigurationList = C7EE4355267C4DC5000B44DE /* Build configuration list for PBXNativeTarget "EmojiArt" */;
			buildPhases = (
				C7EE4342267C4DC3000B44DE /* Sources */,
				C7EE4343267C4DC3000B44DE /* Frameworks */,
				C7EE4344267C4DC3000B44DE /* Resources */,
			);
			buildRules = (
			);
			dependencies = (
			);
			name = EmojiArt;
			productName = EmojiArt;
			productReference = C7EE4346267C4DC3000B44DE /* EmojiArt.app */;
			productType = "com.apple.product-type.application";
		};
/* End PBXNativeTarget section */

/* Begin PBXProject section */
		C7EE433E267C4DC3000B44DE /* Project object */ = {
			isa = PBXProject;
			attributes = {
				LastSwiftUpdateCheck = 1250;
				LastUpgradeCheck = 1250;
				TargetAttributes = {
					C7EE4345267C4DC3000B44DE = {
						CreatedOnToolsVersion = 12.5;
					};
				};
			};
			buildConfigurationList = C7EE4341267C4DC3000B44DE /* Build configuration list for PBXProject "EmojiArt" */;
			compatibilityVersion = "Xcode 9.3";
			developmentRegion = en;
			hasScannedForEncodings = 0;
			knownRegions = (
				en,
				Base,
			);
			mainGroup = C7EE433D267C4DC3000B44DE;
			productRefGroup = C7EE4347267C4DC3000B44DE /* Products */;
			projectDirPath = "";
			projectRoot = "";
			targets = (
				C7EE4345267C4DC3000B44DE /* EmojiArt */,
			);
		};
/* End PBXProject section */

/* Begin PBXResourcesBuildPhase section */
		C7EE4344267C4DC3000B44DE /* Resources */ = {
			isa = PBXResourcesBuildPhase;
			buildActionMask = 2147483647;
			files = (
				C7EE4351267C4DC5000B44DE /* Preview Assets.xcassets in Resources */,
				C7EE434E267C4DC5000B44DE /* Assets.xcassets in Resources */,
			);
			runOnlyForDeploymentPostprocessing = 0;
		};
/* End PBXResourcesBuildPhase section */

/* Begin PBXSourcesBuildPhase section */
		C7EE4342267C4DC3000B44DE /* Sources */ = {
			isa = PBXSourcesBuildPhase;
			buildActionMask = 2147483647;
			files = (
				C7EE436D267D8EDF000B44DE /* NSItemProviderExtensions.swift in Sources */,
				C7EE435C267C4EBE000B44DE /* Point.swift in Sources */,
				C7EE4373267EF079000B44DE /* DocumentEmojiView.swift in Sources */,
				C7EE4375268189B0000B44DE /* PalletStore.swift in Sources */,
				C7EE4369267C5EDC000B44DE /* DocumentBody.swift in Sources */,
				C7EE4371267EC3BF000B44DE /* EmojiArtDocument.BackgroundStatus.swift in Sources */,
				C7EE436F267EBA81000B44DE /* OptionalImage.swift in Sources */,
				C7EE437F2681B1E8000B44DE /* RollTransition.swift in Sources */,
				C7EE437C2681A95D000B44DE /* PalletChooser.swift in Sources */,
				C7EE4361267C5526000B44DE /* EmojiArtDocument.swift in Sources */,
				C7EE434C267C4DC3000B44DE /* EmojiArtDocumentView.swift in Sources */,
				C7EE437726818ABC000B44DE /* Pallet.swift in Sources */,
				C7EE436B267C66F0000B44DE /* PointExtensions.swift in Sources */,
				C7EE4367267C5CF0000B44DE /* ScrollingEmojisView.swift in Sources */,
				C7EE4364267C57C9000B44DE /* UtilityExtensions.swift in Sources */,
				C7EE437A26818F4E000B44DE /* DefaultPallets.swift in Sources */,
				C7EE435E267C52B3000B44DE /* EmojiArtModel.Background.swift in Sources */,
				C7EE434A267C4DC3000B44DE /* EmojiArtApp.swift in Sources */,
				C7EE435A267C4E10000B44DE /* EmojiArtModel.swift in Sources */,
			);
			runOnlyForDeploymentPostprocessing = 0;
		};
/* End PBXSourcesBuildPhase section */

/* Begin XCBuildConfiguration section */
		C7EE4353267C4DC5000B44DE /* Debug */ = {
			isa = XCBuildConfiguration;
			buildSettings = {
				ALWAYS_SEARCH_USER_PATHS = NO;
				CLANG_ANALYZER_NONNULL = YES;
				CLANG_ANALYZER_NUMBER_OBJECT_CONVERSION = YES_AGGRESSIVE;
				CLANG_CXX_LANGUAGE_STANDARD = "gnu++14";
				CLANG_CXX_LIBRARY = "libc++";
				CLANG_ENABLE_MODULES = YES;
				CLANG_ENABLE_OBJC_ARC = YES;
				CLANG_ENABLE_OBJC_WEAK = YES;
				CLANG_WARN_BLOCK_CAPTURE_AUTORELEASING = YES;
				CLANG_WARN_BOOL_CONVERSION = YES;
				CLANG_WARN_COMMA = YES;
				CLANG_WARN_CONSTANT_CONVERSION = YES;
				CLANG_WARN_DEPRECATED_OBJC_IMPLEMENTATIONS = YES;
				CLANG_WARN_DIRECT_OBJC_ISA_USAGE = YES_ERROR;
				CLANG_WARN_DOCUMENTATION_COMMENTS = YES;
				CLANG_WARN_EMPTY_BODY = YES;
				CLANG_WARN_ENUM_CONVERSION = YES;
				CLANG_WARN_INFINITE_RECURSION = YES;
				CLANG_WARN_INT_CONVERSION = YES;
				CLANG_WARN_NON_LITERAL_NULL_CONVERSION = YES;
				CLANG_WARN_OBJC_IMPLICIT_RETAIN_SELF = YES;
				CLANG_WARN_OBJC_LITERAL_CONVERSION = YES;
				CLANG_WARN_OBJC_ROOT_CLASS = YES_ERROR;
				CLANG_WARN_QUOTED_INCLUDE_IN_FRAMEWORK_HEADER = YES;
				CLANG_WARN_RANGE_LOOP_ANALYSIS = YES;
				CLANG_WARN_STRICT_PROTOTYPES = YES;
				CLANG_WARN_SUSPICIOUS_MOVE = YES;
				CLANG_WARN_UNGUARDED_AVAILABILITY = YES_AGGRESSIVE;
				CLANG_WARN_UNREACHABLE_CODE = YES;
				CLANG_WARN__DUPLICATE_METHOD_MATCH = YES;
				COPY_PHASE_STRIP = NO;
				DEBUG_INFORMATION_FORMAT = dwarf;
				ENABLE_STRICT_OBJC_MSGSEND = YES;
				ENABLE_TESTABILITY = YES;
				GCC_C_LANGUAGE_STANDARD = gnu11;
				GCC_DYNAMIC_NO_PIC = NO;
				GCC_NO_COMMON_BLOCKS = YES;
				GCC_OPTIMIZATION_LEVEL = 0;
				GCC_PREPROCESSOR_DEFINITIONS = (
					"DEBUG=1",
					"$(inherited)",
				);
				GCC_WARN_64_TO_32_BIT_CONVERSION = YES;
				GCC_WARN_ABOUT_RETURN_TYPE = YES_ERROR;
				GCC_WARN_UNDECLARED_SELECTOR = YES;
				GCC_WARN_UNINITIALIZED_AUTOS = YES_AGGRESSIVE;
				GCC_WARN_UNUSED_FUNCTION = YES;
				GCC_WARN_UNUSED_VARIABLE = YES;
				IPHONEOS_DEPLOYMENT_TARGET = 14.5;
				MTL_ENABLE_DEBUG_INFO = INCLUDE_SOURCE;
				MTL_FAST_MATH = YES;
				ONLY_ACTIVE_ARCH = YES;
				SDKROOT = iphoneos;
				SWIFT_ACTIVE_COMPILATION_CONDITIONS = DEBUG;
				SWIFT_OPTIMIZATION_LEVEL = "-Onone";
			};
			name = Debug;
		};
		C7EE4354267C4DC5000B44DE /* Release */ = {
			isa = XCBuildConfiguration;
			buildSettings = {
				ALWAYS_SEARCH_USER_PATHS = NO;
				CLANG_ANALYZER_NONNULL = YES;
				CLANG_ANALYZER_NUMBER_OBJECT_CONVERSION = YES_AGGRESSIVE;
				CLANG_CXX_LANGUAGE_STANDARD = "gnu++14";
				CLANG_CXX_LIBRARY = "libc++";
				CLANG_ENABLE_MODULES = YES;
				CLANG_ENABLE_OBJC_ARC = YES;
				CLANG_ENABLE_OBJC_WEAK = YES;
				CLANG_WARN_BLOCK_CAPTURE_AUTORELEASING = YES;
				CLANG_WARN_BOOL_CONVERSION = YES;
				CLANG_WARN_COMMA = YES;
				CLANG_WARN_CONSTANT_CONVERSION = YES;
				CLANG_WARN_DEPRECATED_OBJC_IMPLEMENTATIONS = YES;
				CLANG_WARN_DIRECT_OBJC_ISA_USAGE = YES_ERROR;
				CLANG_WARN_DOCUMENTATION_COMMENTS = YES;
				CLANG_WARN_EMPTY_BODY = YES;
				CLANG_WARN_ENUM_CONVERSION = YES;
				CLANG_WARN_INFINITE_RECURSION = YES;
				CLANG_WARN_INT_CONVERSION = YES;
				CLANG_WARN_NON_LITERAL_NULL_CONVERSION = YES;
				CLANG_WARN_OBJC_IMPLICIT_RETAIN_SELF = YES;
				CLANG_WARN_OBJC_LITERAL_CONVERSION = YES;
				CLANG_WARN_OBJC_ROOT_CLASS = YES_ERROR;
				CLANG_WARN_QUOTED_INCLUDE_IN_FRAMEWORK_HEADER = YES;
				CLANG_WARN_RANGE_LOOP_ANALYSIS = YES;
				CLANG_WARN_STRICT_PROTOTYPES = YES;
				CLANG_WARN_SUSPICIOUS_MOVE = YES;
				CLANG_WARN_UNGUARDED_AVAILABILITY = YES_AGGRESSIVE;
				CLANG_WARN_UNREACHABLE_CODE = YES;
				CLANG_WARN__DUPLICATE_METHOD_MATCH = YES;
				COPY_PHASE_STRIP = NO;
				DEBUG_INFORMATION_FORMAT = "dwarf-with-dsym";
				ENABLE_NS_ASSERTIONS = NO;
				ENABLE_STRICT_OBJC_MSGSEND = YES;
				GCC_C_LANGUAGE_STANDARD = gnu11;
				GCC_NO_COMMON_BLOCKS = YES;
				GCC_WARN_64_TO_32_BIT_CONVERSION = YES;
				GCC_WARN_ABOUT_RETURN_TYPE = YES_ERROR;
				GCC_WARN_UNDECLARED_SELECTOR = YES;
				GCC_WARN_UNINITIALIZED_AUTOS = YES_AGGRESSIVE;
				GCC_WARN_UNUSED_FUNCTION = YES;
				GCC_WARN_UNUSED_VARIABLE = YES;
				IPHONEOS_DEPLOYMENT_TARGET = 14.5;
				MTL_ENABLE_DEBUG_INFO = NO;
				MTL_FAST_MATH = YES;
				SDKROOT = iphoneos;
				SWIFT_COMPILATION_MODE = wholemodule;
				SWIFT_OPTIMIZATION_LEVEL = "-O";
				VALIDATE_PRODUCT = YES;
			};
			name = Release;
		};
		C7EE4356267C4DC5000B44DE /* Debug */ = {
			isa = XCBuildConfiguration;
			buildSettings = {
				ASSETCATALOG_COMPILER_APPICON_NAME = AppIcon;
				ASSETCATALOG_COMPILER_GLOBAL_ACCENT_COLOR_NAME = AccentColor;
				CODE_SIGN_STYLE = Automatic;
				DEVELOPMENT_ASSET_PATHS = "\"EmojiArt/Preview Content\"";
				DEVELOPMENT_TEAM = VD8R79VPP9;
				ENABLE_PREVIEWS = YES;
				INFOPLIST_FILE = EmojiArt/Info.plist;
				IPHONEOS_DEPLOYMENT_TARGET = 14.0;
				LD_RUNPATH_SEARCH_PATHS = (
					"$(inherited)",
					"@executable_path/Frameworks",
				);
				PRODUCT_BUNDLE_IDENTIFIER = com.eventuallygames.EmojiArt;
				PRODUCT_NAME = "$(TARGET_NAME)";
				SWIFT_VERSION = 5.0;
				TARGETED_DEVICE_FAMILY = "1,2";
			};
			name = Debug;
		};
		C7EE4357267C4DC5000B44DE /* Release */ = {
			isa = XCBuildConfiguration;
			buildSettings = {
				ASSETCATALOG_COMPILER_APPICON_NAME = AppIcon;
				ASSETCATALOG_COMPILER_GLOBAL_ACCENT_COLOR_NAME = AccentColor;
				CODE_SIGN_STYLE = Automatic;
				DEVELOPMENT_ASSET_PATHS = "\"EmojiArt/Preview Content\"";
				DEVELOPMENT_TEAM = VD8R79VPP9;
				ENABLE_PREVIEWS = YES;
				INFOPLIST_FILE = EmojiArt/Info.plist;
				IPHONEOS_DEPLOYMENT_TARGET = 14.0;
				LD_RUNPATH_SEARCH_PATHS = (
					"$(inherited)",
					"@executable_path/Frameworks",
				);
				PRODUCT_BUNDLE_IDENTIFIER = com.eventuallygames.EmojiArt;
				PRODUCT_NAME = "$(TARGET_NAME)";
				SWIFT_VERSION = 5.0;
				TARGETED_DEVICE_FAMILY = "1,2";
			};
			name = Release;
		};
/* End XCBuildConfiguration section */

/* Begin XCConfigurationList section */
		C7EE4341267C4DC3000B44DE /* Build configuration list for PBXProject "EmojiArt" */ = {
			isa = XCConfigurationList;
			buildConfigurations = (
				C7EE4353267C4DC5000B44DE /* Debug */,
				C7EE4354267C4DC5000B44DE /* Release */,
			);
			defaultConfigurationIsVisible = 0;
			defaultConfigurationName = Release;
		};
		C7EE4355267C4DC5000B44DE /* Build configuration list for PBXNativeTarget "EmojiArt" */ = {
			isa = XCConfigurationList;
			buildConfigurations = (
				C7EE4356267C4DC5000B44DE /* Debug */,
				C7EE4357267C4DC5000B44DE /* Release */,
			);
			defaultConfigurationIsVisible = 0;
			defaultConfigurationName = Release;
		};
/* End XCConfigurationList section */
	};
	rootObject = C7EE433E267C4DC3000B44DE /* Project object */;
}
